
Microsoft Visual Studio Solution File, Format Version 12.00
# Visual Studio Version 17
VisualStudioVersion = 17.5.002.0
MinimumVisualStudioVersion = 10.0.40219.1
Project("{FAE04EC0-301F-11D3-BF4B-00C04F79EFBC}") = "CleanArchApi.Api", "CleanArchApi.Api\CleanArchApi.Api.csproj", "{363800A8-5AD2-47E8-B1C4-2F119D3FC16B}"
EndProject
Project("{FAE04EC0-301F-11D3-BF4B-00C04F79EFBC}") = "LearnDotNetConsole", "ConsoleApp\LearnDotNetConsole.csproj", "{D19F81F9-B8AD-436C-9F29-2E9B7AD5B5AB}"
EndProject
Project("{FAE04EC0-301F-11D3-BF4B-00C04F79EFBC}") = "CleanArchApi.Application", "CleanArchApi.Application\CleanArchApi.Application.csproj", "{D26B9825-4E60-4B3C-8188-9D03071FC8E9}"
EndProject
Project("{FAE04EC0-301F-11D3-BF4B-00C04F79EFBC}") = "CleanArchApi.Domain", "CleanArchApi.Domain\CleanArchApi.Domain.csproj", "{F986F3C2-3F97-45DA-99D5-2F2B5DC83077}"
EndProject
Project("{FAE04EC0-301F-11D3-BF4B-00C04F79EFBC}") = "CleanArchApi.Infrastructure", "CleanArchApi.Infrastructure\CleanArchApi.Infrastructure.csproj", "{12B82D82-74B3-430C-9C4D-6F67C38EDFED}"
EndProject
Project("{FAE04EC0-301F-11D3-BF4B-00C04F79EFBC}") = "CleanArchApi.Tests", "CleanArchApi.Tests\CleanArchApi.Tests.csproj", "{E594BDE9-3EB8-4E9A-B427-0F89D42BACC0}"
EndProject
Global
	GlobalSection(SolutionConfigurationPlatforms) = preSolution
		Debug|Any CPU = Debug|Any CPU
		Release|Any CPU = Release|Any CPU
	EndGlobalSection
	GlobalSection(ProjectConfigurationPlatforms) = postSolution
		{729F1954-6269-407D-8D5A-59D525320C9F}.Debug|Any CPU.ActiveCfg = Debug|Any CPU
		{729F1954-6269-407D-8D5A-59D525320C9F}.Debug|Any CPU.Build.0 = Debug|Any CPU
		{729F1954-6269-407D-8D5A-59D525320C9F}.Release|Any CPU.ActiveCfg = Release|Any CPU
		{729F1954-6269-407D-8D5A-59D525320C9F}.Release|Any CPU.Build.0 = Release|Any CPU
		{84D234FB-60E1-43F9-86F7-7EEF3B6518EC}.Debug|Any CPU.ActiveCfg = Debug|Any CPU
		{84D234FB-60E1-43F9-86F7-7EEF3B6518EC}.Debug|Any CPU.Build.0 = Debug|Any CPU
		{84D234FB-60E1-43F9-86F7-7EEF3B6518EC}.Release|Any CPU.ActiveCfg = Release|Any CPU
		{84D234FB-60E1-43F9-86F7-7EEF3B6518EC}.Release|Any CPU.Build.0 = Release|Any CPU
		{5E266668-9792-43BE-A3D0-2C90CFE09351}.Debug|Any CPU.ActiveCfg = Debug|Any CPU
		{5E266668-9792-43BE-A3D0-2C90CFE09351}.Debug|Any CPU.Build.0 = Debug|Any CPU
		{5E266668-9792-43BE-A3D0-2C90CFE09351}.Release|Any CPU.ActiveCfg = Release|Any CPU
		{5E266668-9792-43BE-A3D0-2C90CFE09351}.Release|Any CPU.Build.0 = Release|Any CPU
		{363800A8-5AD2-47E8-B1C4-2F119D3FC16B}.Debug|Any CPU.ActiveCfg = Debug|Any CPU
		{363800A8-5AD2-47E8-B1C4-2F119D3FC16B}.Debug|Any CPU.Build.0 = Debug|Any CPU
		{363800A8-5AD2-47E8-B1C4-2F119D3FC16B}.Release|Any CPU.ActiveCfg = Release|Any CPU
		{363800A8-5AD2-47E8-B1C4-2F119D3FC16B}.Release|Any CPU.Build.0 = Release|Any CPU
		{D19F81F9-B8AD-436C-9F29-2E9B7AD5B5AB}.Debug|Any CPU.ActiveCfg = Debug|Any CPU
		{D19F81F9-B8AD-436C-9F29-2E9B7AD5B5AB}.Debug|Any CPU.Build.0 = Debug|Any CPU
		{D19F81F9-B8AD-436C-9F29-2E9B7AD5B5AB}.Release|Any CPU.ActiveCfg = Release|Any CPU
		{D19F81F9-B8AD-436C-9F29-2E9B7AD5B5AB}.Release|Any CPU.Build.0 = Release|Any CPU
		{D26B9825-4E60-4B3C-8188-9D03071FC8E9}.Debug|Any CPU.ActiveCfg = Debug|Any CPU
		{D26B9825-4E60-4B3C-8188-9D03071FC8E9}.Debug|Any CPU.Build.0 = Debug|Any CPU
		{D26B9825-4E60-4B3C-8188-9D03071FC8E9}.Release|Any CPU.ActiveCfg = Release|Any CPU
		{D26B9825-4E60-4B3C-8188-9D03071FC8E9}.Release|Any CPU.Build.0 = Release|Any CPU
		{F986F3C2-3F97-45DA-99D5-2F2B5DC83077}.Debug|Any CPU.ActiveCfg = Debug|Any CPU
		{F986F3C2-3F97-45DA-99D5-2F2B5DC83077}.Debug|Any CPU.Build.0 = Debug|Any CPU
		{F986F3C2-3F97-45DA-99D5-2F2B5DC83077}.Release|Any CPU.ActiveCfg = Release|Any CPU
		{F986F3C2-3F97-45DA-99D5-2F2B5DC83077}.Release|Any CPU.Build.0 = Release|Any CPU
		{12B82D82-74B3-430C-9C4D-6F67C38EDFED}.Debug|Any CPU.ActiveCfg = Debug|Any CPU
		{12B82D82-74B3-430C-9C4D-6F67C38EDFED}.Debug|Any CPU.Build.0 = Debug|Any CPU
		{12B82D82-74B3-430C-9C4D-6F67C38EDFED}.Release|Any CPU.ActiveCfg = Release|Any CPU
		{12B82D82-74B3-430C-9C4D-6F67C38EDFED}.Release|Any CPU.Build.0 = Release|Any CPU
		{E594BDE9-3EB8-4E9A-B427-0F89D42BACC0}.Debug|Any CPU.ActiveCfg = Debug|Any CPU
		{E594BDE9-3EB8-4E9A-B427-0F89D42BACC0}.Debug|Any CPU.Build.0 = Debug|Any CPU
		{E594BDE9-3EB8-4E9A-B427-0F89D42BACC0}.Release|Any CPU.ActiveCfg = Release|Any CPU
		{E594BDE9-3EB8-4E9A-B427-0F89D42BACC0}.Release|Any CPU.Build.0 = Release|Any CPU
	EndGlobalSection
	GlobalSection(SolutionProperties) = preSolution
		HideSolutionNode = FALSE
	EndGlobalSection
	GlobalSection(ExtensibilityGlobals) = postSolution
		SolutionGuid = {3F09E11C-E09F-4853-9741-A3ABE92EB6E5}
	EndGlobalSection
EndGlobal
