
Microsoft Visual Studio Solution File, Format Version 12.00
# Visual Studio Version 17
VisualStudioVersion = 17.5.002.0
MinimumVisualStudioVersion = 10.0.40219.1
Project("{9A19103F-16F7-4668-BE54-9A1E7A4F7556}") = "LearnCSharpConcepts", "LearnCSharpConcepts.csproj", "{D2BC8124-B28D-4943-B33F-8B24DA3EEE51}"
EndProject
Project("{2150E333-8FDC-42A3-9474-1A3956D46DE8}") = "c:", "c:\\", "{F02C5221-71AB-4021-ABB1-3B30E0F2B018}"
EndProject
Project("{2150E333-8FDC-42A3-9474-1A3956D46DE8}") = "Users", "Users", "{01B72039-54AF-4689-AF03-34383A569DD0}"
EndProject
Project("{2150E333-8FDC-42A3-9474-1A3956D46DE8}") = "AL AZIZ COMP", "AL AZIZ COMP", "{F0D8FEA0-57F5-4B59-B76C-A97394DA4444}"
EndProject
Project("{2150E333-8FDC-42A3-9474-1A3956D46DE8}") = "Desktop", "Desktop", "{03F3F654-177F-4CD4-BC03-871917BB59F0}"
EndProject
Project("{2150E333-8FDC-42A3-9474-1A3956D46DE8}") = "temp", "temp", "{4F88BE25-9F13-463A-9EF5-E8B41259937F}"
EndProject
Project("{FAE04EC0-301F-11D3-BF4B-00C04F79EFBC}") = "WebApplication1", "c:\Users\AL AZIZ COMP\Desktop\temp\WebApplication1\WebApplication1.csproj", "{729F1954-6269-407D-8D5A-59D525320C9F}"
EndProject
Project("{2150E333-8FDC-42A3-9474-1A3956D46DE8}") = "c:", "c:\", "{D3CA4FFE-5DCA-4C62-8E01-CB1DDAC9FEE3}"
EndProject
Project("{2150E333-8FDC-42A3-9474-1A3956D46DE8}") = "Users", "Users", "{DE6E95ED-0E8F-43C9-99DA-F796B7ECDD42}"
EndProject
Project("{2150E333-8FDC-42A3-9474-1A3956D46DE8}") = "AL AZIZ COMP", "AL AZIZ COMP", "{D2F0FDB3-C60D-4B66-A48A-452A15B738B2}"
EndProject
Project("{2150E333-8FDC-42A3-9474-1A3956D46DE8}") = "Desktop", "Desktop", "{8A757829-12CF-4FB2-A62D-83FB3A6F8EE0}"
EndProject
Project("{2150E333-8FDC-42A3-9474-1A3956D46DE8}") = "temp", "temp", "{46BC0F1E-B9DA-4546-8EB4-3831A80063DE}"
EndProject
Project("{FAE04EC0-301F-11D3-BF4B-00C04F79EFBC}") = "WebApplication1testing", "c:\Users\AL AZIZ COMP\Desktop\temp\WebApplication1testing\WebApplication1testing.csproj", "{84D234FB-60E1-43F9-86F7-7EEF3B6518EC}"
EndProject
Global
	GlobalSection(SolutionConfigurationPlatforms) = preSolution
		Debug|Any CPU = Debug|Any CPU
		Release|Any CPU = Release|Any CPU
	EndGlobalSection
	GlobalSection(ProjectConfigurationPlatforms) = postSolution
		{D2BC8124-B28D-4943-B33F-8B24DA3EEE51}.Debug|Any CPU.ActiveCfg = Debug|Any CPU
		{D2BC8124-B28D-4943-B33F-8B24DA3EEE51}.Debug|Any CPU.Build.0 = Debug|Any CPU
		{D2BC8124-B28D-4943-B33F-8B24DA3EEE51}.Release|Any CPU.ActiveCfg = Release|Any CPU
		{D2BC8124-B28D-4943-B33F-8B24DA3EEE51}.Release|Any CPU.Build.0 = Release|Any CPU
		{729F1954-6269-407D-8D5A-59D525320C9F}.Debug|Any CPU.ActiveCfg = Debug|Any CPU
		{729F1954-6269-407D-8D5A-59D525320C9F}.Debug|Any CPU.Build.0 = Debug|Any CPU
		{729F1954-6269-407D-8D5A-59D525320C9F}.Release|Any CPU.ActiveCfg = Release|Any CPU
		{729F1954-6269-407D-8D5A-59D525320C9F}.Release|Any CPU.Build.0 = Release|Any CPU
		{84D234FB-60E1-43F9-86F7-7EEF3B6518EC}.Debug|Any CPU.ActiveCfg = Debug|Any CPU
		{84D234FB-60E1-43F9-86F7-7EEF3B6518EC}.Debug|Any CPU.Build.0 = Debug|Any CPU
		{84D234FB-60E1-43F9-86F7-7EEF3B6518EC}.Release|Any CPU.ActiveCfg = Release|Any CPU
		{84D234FB-60E1-43F9-86F7-7EEF3B6518EC}.Release|Any CPU.Build.0 = Release|Any CPU
	EndGlobalSection
	GlobalSection(SolutionProperties) = preSolution
		HideSolutionNode = FALSE
	EndGlobalSection
	GlobalSection(ExtensibilityGlobals) = postSolution
		SolutionGuid = {3F09E11C-E09F-4853-9741-A3ABE92EB6E5}
	EndGlobalSection
	GlobalSection(NestedProjects) = preSolution
		{01B72039-54AF-4689-AF03-34383A569DD0} = {F02C5221-71AB-4021-ABB1-3B30E0F2B018}
		{F0D8FEA0-57F5-4B59-B76C-A97394DA4444} = {01B72039-54AF-4689-AF03-34383A569DD0}
		{03F3F654-177F-4CD4-BC03-871917BB59F0} = {F0D8FEA0-57F5-4B59-B76C-A97394DA4444}
		{4F88BE25-9F13-463A-9EF5-E8B41259937F} = {03F3F654-177F-4CD4-BC03-871917BB59F0}
		{729F1954-6269-407D-8D5A-59D525320C9F} = {4F88BE25-9F13-463A-9EF5-E8B41259937F}
		{DE6E95ED-0E8F-43C9-99DA-F796B7ECDD42} = {D3CA4FFE-5DCA-4C62-8E01-CB1DDAC9FEE3}
		{D2F0FDB3-C60D-4B66-A48A-452A15B738B2} = {DE6E95ED-0E8F-43C9-99DA-F796B7ECDD42}
		{8A757829-12CF-4FB2-A62D-83FB3A6F8EE0} = {D2F0FDB3-C60D-4B66-A48A-452A15B738B2}
		{46BC0F1E-B9DA-4546-8EB4-3831A80063DE} = {8A757829-12CF-4FB2-A62D-83FB3A6F8EE0}
		{84D234FB-60E1-43F9-86F7-7EEF3B6518EC} = {46BC0F1E-B9DA-4546-8EB4-3831A80063DE}
	EndGlobalSection
EndGlobal
